
Microsoft Visual Studio Solution File, Format Version 12.00
# Visual Studio Version 16
VisualStudioVersion = 16.0.31105.61
MinimumVisualStudioVersion = 10.0.40219.1
Project("{FAE04EC0-301F-11D3-BF4B-00C04F79EFBC}") = "IO-projekt", "IO-projekt\IO-projekt.csproj", "{B1914054-8663-431A-8461-2DA7F0E26650}"
EndProject
Global
	GlobalSection(SolutionConfigurationPlatforms) = preSolution
		Debug|Any CPU = Debug|Any CPU
		Release|Any CPU = Release|Any CPU
	EndGlobalSection
	GlobalSection(ProjectConfigurationPlatforms) = postSolution
		{B1914054-8663-431A-8461-2DA7F0E26650}.Debug|Any CPU.ActiveCfg = Debug|Any CPU
		{B1914054-8663-431A-8461-2DA7F0E26650}.Debug|Any CPU.Build.0 = Debug|Any CPU
		{B1914054-8663-431A-8461-2DA7F0E26650}.Release|Any CPU.ActiveCfg = Release|Any CPU
		{B1914054-8663-431A-8461-2DA7F0E26650}.Release|Any CPU.Build.0 = Release|Any CPU
	EndGlobalSection
	GlobalSection(SolutionProperties) = preSolution
		HideSolutionNode = FALSE
	EndGlobalSection
	GlobalSection(ExtensibilityGlobals) = postSolution
		SolutionGuid = {F05D2BA9-FC26-464C-ACBC-CD61A32B92E4}
	EndGlobalSection
EndGlobal
